// !$*UTF8*$!
{
	archiveVersion = 1;
	classes = {
	};
	objectVersion = 56;
	objects = {

/* Begin PBXBuildFile section */
		10415D782A1D57DF00CBA4B3 /* Swinject in Frameworks */ = {isa = PBXBuildFile; productRef = 10415D772A1D57DF00CBA4B3 /* Swinject */; };
		1046DE502A18B9D9001732E6 /* MovieListCell.swift in Sources */ = {isa = PBXBuildFile; fileRef = 1046DE4F2A18B9D9001732E6 /* MovieListCell.swift */; };
		1046DE532A18BC1E001732E6 /* MovieDetailsViewController.swift in Sources */ = {isa = PBXBuildFile; fileRef = 1046DE522A18BC1E001732E6 /* MovieDetailsViewController.swift */; };
		105BB5602A1BE7A1003D9ED4 /* movie_browser_tests.swift in Sources */ = {isa = PBXBuildFile; fileRef = 105BB55F2A1BE7A1003D9ED4 /* movie_browser_tests.swift */; };
		105BB5672A1BEA05003D9ED4 /* MovieListPresenter.swift in Sources */ = {isa = PBXBuildFile; fileRef = 105BB5662A1BEA05003D9ED4 /* MovieListPresenter.swift */; };
		105BB5692A1BFE41003D9ED4 /* MovieDetailsPresenter.swift in Sources */ = {isa = PBXBuildFile; fileRef = 105BB5682A1BFE41003D9ED4 /* MovieDetailsPresenter.swift */; };
		105BB56B2A1C04B6003D9ED4 /* README.md in Resources */ = {isa = PBXBuildFile; fileRef = 105BB56A2A1C04B6003D9ED4 /* README.md */; };
		105F0D322A177E840048218E /* Endpoint.swift in Sources */ = {isa = PBXBuildFile; fileRef = 105F0D312A177E840048218E /* Endpoint.swift */; };
		105F0D352A177EC40048218E /* MovieModel.swift in Sources */ = {isa = PBXBuildFile; fileRef = 105F0D342A177EC40048218E /* MovieModel.swift */; };
		105F0D372A177ED70048218E /* NowPlayingMoviesModel.swift in Sources */ = {isa = PBXBuildFile; fileRef = 105F0D362A177ED70048218E /* NowPlayingMoviesModel.swift */; };
		105F0D3A2A177F130048218E /* Log.swift in Sources */ = {isa = PBXBuildFile; fileRef = 105F0D392A177F130048218E /* Log.swift */; };
		105F0D3C2A1787760048218E /* NetworkService.swift in Sources */ = {isa = PBXBuildFile; fileRef = 105F0D3B2A1787760048218E /* NetworkService.swift */; };
		105F0D3E2A17A25B0048218E /* MovieNetworkService.swift in Sources */ = {isa = PBXBuildFile; fileRef = 105F0D3D2A17A25B0048218E /* MovieNetworkService.swift */; };
		105F0D402A17A55A0048218E /* ImageNetworkService.swift in Sources */ = {isa = PBXBuildFile; fileRef = 105F0D3F2A17A55A0048218E /* ImageNetworkService.swift */; };
		105F0D432A17BE5B0048218E /* FavoriteMoviesRepository.swift in Sources */ = {isa = PBXBuildFile; fileRef = 105F0D422A17BE5B0048218E /* FavoriteMoviesRepository.swift */; };
		105F0D452A17C81A0048218E /* UserDefaultsKey.swift in Sources */ = {isa = PBXBuildFile; fileRef = 105F0D442A17C81A0048218E /* UserDefaultsKey.swift */; };
		105F0D492A17D2400048218E /* MovieListViewController.swift in Sources */ = {isa = PBXBuildFile; fileRef = 105F0D482A17D2400048218E /* MovieListViewController.swift */; };
		10876CA52A162E6A009666BA /* AppDelegate.swift in Sources */ = {isa = PBXBuildFile; fileRef = 10876CA42A162E6A009666BA /* AppDelegate.swift */; };
		10876CA72A162E6A009666BA /* SceneDelegate.swift in Sources */ = {isa = PBXBuildFile; fileRef = 10876CA62A162E6A009666BA /* SceneDelegate.swift */; };
		10876CAE2A162E6A009666BA /* Assets.xcassets in Resources */ = {isa = PBXBuildFile; fileRef = 10876CAD2A162E6A009666BA /* Assets.xcassets */; };
		10876CB12A162E6A009666BA /* LaunchScreen.storyboard in Resources */ = {isa = PBXBuildFile; fileRef = 10876CAF2A162E6A009666BA /* LaunchScreen.storyboard */; };
		108C19BF2A18E75900B910D5 /* Colors.xcassets in Resources */ = {isa = PBXBuildFile; fileRef = 108C19BE2A18E75900B910D5 /* Colors.xcassets */; };
		108C19C12A18EB8600B910D5 /* ColorHelper.swift in Sources */ = {isa = PBXBuildFile; fileRef = 108C19C02A18EB8600B910D5 /* ColorHelper.swift */; };
		10DC89BF2A16305E00198117 /* SnapKit in Frameworks */ = {isa = PBXBuildFile; productRef = 10DC89BE2A16305E00198117 /* SnapKit */; };
/* End PBXBuildFile section */

/* Begin PBXContainerItemProxy section */
		105BB5612A1BE7A1003D9ED4 /* PBXContainerItemProxy */ = {
			isa = PBXContainerItemProxy;
			containerPortal = 10876C992A162E6A009666BA /* Project object */;
			proxyType = 1;
			remoteGlobalIDString = 10876CA02A162E6A009666BA;
			remoteInfo = "movie-browser";
		};
/* End PBXContainerItemProxy section */

/* Begin PBXFileReference section */
		1046DE4F2A18B9D9001732E6 /* MovieListCell.swift */ = {isa = PBXFileReference; lastKnownFileType = sourcecode.swift; path = MovieListCell.swift; sourceTree = "<group>"; };
		1046DE522A18BC1E001732E6 /* MovieDetailsViewController.swift */ = {isa = PBXFileReference; lastKnownFileType = sourcecode.swift; path = MovieDetailsViewController.swift; sourceTree = "<group>"; };
		104EC49E2A1649B700C0C04D /* Secrets.xcconfig */ = {isa = PBXFileReference; lastKnownFileType = text.xcconfig; path = Secrets.xcconfig; sourceTree = "<group>"; };
		105BB55D2A1BE7A1003D9ED4 /* movie-browser-tests.xctest */ = {isa = PBXFileReference; explicitFileType = wrapper.cfbundle; includeInIndex = 0; path = "movie-browser-tests.xctest"; sourceTree = BUILT_PRODUCTS_DIR; };
		105BB55F2A1BE7A1003D9ED4 /* movie_browser_tests.swift */ = {isa = PBXFileReference; lastKnownFileType = sourcecode.swift; path = movie_browser_tests.swift; sourceTree = "<group>"; };
		105BB5662A1BEA05003D9ED4 /* MovieListPresenter.swift */ = {isa = PBXFileReference; lastKnownFileType = sourcecode.swift; path = MovieListPresenter.swift; sourceTree = "<group>"; };
		105BB5682A1BFE41003D9ED4 /* MovieDetailsPresenter.swift */ = {isa = PBXFileReference; lastKnownFileType = sourcecode.swift; path = MovieDetailsPresenter.swift; sourceTree = "<group>"; };
		105BB56A2A1C04B6003D9ED4 /* README.md */ = {isa = PBXFileReference; fileEncoding = 4; lastKnownFileType = net.daringfireball.markdown; path = README.md; sourceTree = "<group>"; };
		105F0D312A177E840048218E /* Endpoint.swift */ = {isa = PBXFileReference; lastKnownFileType = sourcecode.swift; path = Endpoint.swift; sourceTree = "<group>"; };
		105F0D342A177EC40048218E /* MovieModel.swift */ = {isa = PBXFileReference; lastKnownFileType = sourcecode.swift; path = MovieModel.swift; sourceTree = "<group>"; };
		105F0D362A177ED70048218E /* NowPlayingMoviesModel.swift */ = {isa = PBXFileReference; lastKnownFileType = sourcecode.swift; path = NowPlayingMoviesModel.swift; sourceTree = "<group>"; };
		105F0D392A177F130048218E /* Log.swift */ = {isa = PBXFileReference; lastKnownFileType = sourcecode.swift; path = Log.swift; sourceTree = "<group>"; };
		105F0D3B2A1787760048218E /* NetworkService.swift */ = {isa = PBXFileReference; lastKnownFileType = sourcecode.swift; path = NetworkService.swift; sourceTree = "<group>"; };
		105F0D3D2A17A25B0048218E /* MovieNetworkService.swift */ = {isa = PBXFileReference; lastKnownFileType = sourcecode.swift; path = MovieNetworkService.swift; sourceTree = "<group>"; };
		105F0D3F2A17A55A0048218E /* ImageNetworkService.swift */ = {isa = PBXFileReference; lastKnownFileType = sourcecode.swift; path = ImageNetworkService.swift; sourceTree = "<group>"; };
		105F0D422A17BE5B0048218E /* FavoriteMoviesRepository.swift */ = {isa = PBXFileReference; lastKnownFileType = sourcecode.swift; path = FavoriteMoviesRepository.swift; sourceTree = "<group>"; };
		105F0D442A17C81A0048218E /* UserDefaultsKey.swift */ = {isa = PBXFileReference; lastKnownFileType = sourcecode.swift; path = UserDefaultsKey.swift; sourceTree = "<group>"; };
		105F0D482A17D2400048218E /* MovieListViewController.swift */ = {isa = PBXFileReference; lastKnownFileType = sourcecode.swift; path = MovieListViewController.swift; sourceTree = "<group>"; };
		10876CA12A162E6A009666BA /* movie-browser.app */ = {isa = PBXFileReference; explicitFileType = wrapper.application; includeInIndex = 0; path = "movie-browser.app"; sourceTree = BUILT_PRODUCTS_DIR; };
		10876CA42A162E6A009666BA /* AppDelegate.swift */ = {isa = PBXFileReference; lastKnownFileType = sourcecode.swift; path = AppDelegate.swift; sourceTree = "<group>"; };
		10876CA62A162E6A009666BA /* SceneDelegate.swift */ = {isa = PBXFileReference; lastKnownFileType = sourcecode.swift; path = SceneDelegate.swift; sourceTree = "<group>"; };
		10876CAD2A162E6A009666BA /* Assets.xcassets */ = {isa = PBXFileReference; lastKnownFileType = folder.assetcatalog; path = Assets.xcassets; sourceTree = "<group>"; };
		10876CB02A162E6A009666BA /* Base */ = {isa = PBXFileReference; lastKnownFileType = file.storyboard; name = Base; path = Base.lproj/LaunchScreen.storyboard; sourceTree = "<group>"; };
		10876CB22A162E6A009666BA /* Info.plist */ = {isa = PBXFileReference; lastKnownFileType = text.plist.xml; path = Info.plist; sourceTree = "<group>"; };
		108C19BE2A18E75900B910D5 /* Colors.xcassets */ = {isa = PBXFileReference; lastKnownFileType = folder.assetcatalog; path = Colors.xcassets; sourceTree = "<group>"; };
		108C19C02A18EB8600B910D5 /* ColorHelper.swift */ = {isa = PBXFileReference; lastKnownFileType = sourcecode.swift; path = ColorHelper.swift; sourceTree = "<group>"; };
/* End PBXFileReference section */

/* Begin PBXFrameworksBuildPhase section */
		105BB55A2A1BE7A1003D9ED4 /* Frameworks */ = {
			isa = PBXFrameworksBuildPhase;
			buildActionMask = 2147483647;
			files = (
			);
			runOnlyForDeploymentPostprocessing = 0;
		};
		10876C9E2A162E6A009666BA /* Frameworks */ = {
			isa = PBXFrameworksBuildPhase;
			buildActionMask = 2147483647;
			files = (
				10DC89BF2A16305E00198117 /* SnapKit in Frameworks */,
				10415D782A1D57DF00CBA4B3 /* Swinject in Frameworks */,
			);
			runOnlyForDeploymentPostprocessing = 0;
		};
/* End PBXFrameworksBuildPhase section */

/* Begin PBXGroup section */
		1046DE512A18BBF9001732E6 /* MovieDetails */ = {
			isa = PBXGroup;
			children = (
				1046DE522A18BC1E001732E6 /* MovieDetailsViewController.swift */,
				105BB5682A1BFE41003D9ED4 /* MovieDetailsPresenter.swift */,
			);
			path = MovieDetails;
			sourceTree = "<group>";
		};
		105BB55E2A1BE7A1003D9ED4 /* movie-browser-tests */ = {
			isa = PBXGroup;
			children = (
				105BB55F2A1BE7A1003D9ED4 /* movie_browser_tests.swift */,
			);
			path = "movie-browser-tests";
			sourceTree = "<group>";
		};
		105F0D2C2A177D280048218E /* Networking */ = {
			isa = PBXGroup;
			children = (
				105F0D312A177E840048218E /* Endpoint.swift */,
				105F0D3B2A1787760048218E /* NetworkService.swift */,
				105F0D3D2A17A25B0048218E /* MovieNetworkService.swift */,
				105F0D3F2A17A55A0048218E /* ImageNetworkService.swift */,
			);
			path = Networking;
			sourceTree = "<group>";
		};
		105F0D332A177EB60048218E /* Models */ = {
			isa = PBXGroup;
			children = (
				105F0D342A177EC40048218E /* MovieModel.swift */,
				105F0D362A177ED70048218E /* NowPlayingMoviesModel.swift */,
			);
			path = Models;
			sourceTree = "<group>";
		};
		105F0D382A177F0C0048218E /* Utils */ = {
			isa = PBXGroup;
			children = (
				105F0D392A177F130048218E /* Log.swift */,
				105F0D442A17C81A0048218E /* UserDefaultsKey.swift */,
				108C19C02A18EB8600B910D5 /* ColorHelper.swift */,
			);
			path = Utils;
			sourceTree = "<group>";
		};
		105F0D412A17BDF50048218E /* Repositories */ = {
			isa = PBXGroup;
			children = (
				105F0D422A17BE5B0048218E /* FavoriteMoviesRepository.swift */,
			);
			path = Repositories;
			sourceTree = "<group>";
		};
		105F0D462A17D1C80048218E /* Screens */ = {
			isa = PBXGroup;
			children = (
				1046DE512A18BBF9001732E6 /* MovieDetails */,
				105F0D472A17D2050048218E /* MoviesList */,
			);
			path = Screens;
			sourceTree = "<group>";
		};
		105F0D472A17D2050048218E /* MoviesList */ = {
			isa = PBXGroup;
			children = (
				105F0D482A17D2400048218E /* MovieListViewController.swift */,
				1046DE4F2A18B9D9001732E6 /* MovieListCell.swift */,
				105BB5662A1BEA05003D9ED4 /* MovieListPresenter.swift */,
			);
			path = MoviesList;
			sourceTree = "<group>";
		};
		10876C982A162E6A009666BA = {
			isa = PBXGroup;
			children = (
				105BB56A2A1C04B6003D9ED4 /* README.md */,
				10876CA32A162E6A009666BA /* movie-browser */,
				105BB55E2A1BE7A1003D9ED4 /* movie-browser-tests */,
				10876CA22A162E6A009666BA /* Products */,
			);
			sourceTree = "<group>";
		};
		10876CA22A162E6A009666BA /* Products */ = {
			isa = PBXGroup;
			children = (
				10876CA12A162E6A009666BA /* movie-browser.app */,
				105BB55D2A1BE7A1003D9ED4 /* movie-browser-tests.xctest */,
			);
			name = Products;
			sourceTree = "<group>";
		};
		10876CA32A162E6A009666BA /* movie-browser */ = {
			isa = PBXGroup;
			children = (
				105F0D462A17D1C80048218E /* Screens */,
				105F0D412A17BDF50048218E /* Repositories */,
				105F0D382A177F0C0048218E /* Utils */,
				105F0D332A177EB60048218E /* Models */,
				105F0D2C2A177D280048218E /* Networking */,
				104EC49E2A1649B700C0C04D /* Secrets.xcconfig */,
				10876CA42A162E6A009666BA /* AppDelegate.swift */,
				10876CA62A162E6A009666BA /* SceneDelegate.swift */,
				10876CAD2A162E6A009666BA /* Assets.xcassets */,
				10876CAF2A162E6A009666BA /* LaunchScreen.storyboard */,
				10876CB22A162E6A009666BA /* Info.plist */,
				108C19BE2A18E75900B910D5 /* Colors.xcassets */,
			);
			path = "movie-browser";
			sourceTree = "<group>";
		};
/* End PBXGroup section */

/* Begin PBXNativeTarget section */
		105BB55C2A1BE7A1003D9ED4 /* movie-browser-tests */ = {
			isa = PBXNativeTarget;
			buildConfigurationList = 105BB5652A1BE7A1003D9ED4 /* Build configuration list for PBXNativeTarget "movie-browser-tests" */;
			buildPhases = (
				105BB5592A1BE7A1003D9ED4 /* Sources */,
				105BB55A2A1BE7A1003D9ED4 /* Frameworks */,
				105BB55B2A1BE7A1003D9ED4 /* Resources */,
			);
			buildRules = (
			);
			dependencies = (
				105BB5622A1BE7A1003D9ED4 /* PBXTargetDependency */,
			);
			name = "movie-browser-tests";
			productName = "movie-browser-tests";
			productReference = 105BB55D2A1BE7A1003D9ED4 /* movie-browser-tests.xctest */;
			productType = "com.apple.product-type.bundle.unit-test";
		};
		10876CA02A162E6A009666BA /* movie-browser */ = {
			isa = PBXNativeTarget;
			buildConfigurationList = 10876CB52A162E6A009666BA /* Build configuration list for PBXNativeTarget "movie-browser" */;
			buildPhases = (
				10876C9D2A162E6A009666BA /* Sources */,
				10876C9E2A162E6A009666BA /* Frameworks */,
				10876C9F2A162E6A009666BA /* Resources */,
			);
			buildRules = (
			);
			dependencies = (
			);
			name = "movie-browser";
			packageProductDependencies = (
				10DC89BE2A16305E00198117 /* SnapKit */,
				10415D772A1D57DF00CBA4B3 /* Swinject */,
			);
			productName = "movie-browser";
			productReference = 10876CA12A162E6A009666BA /* movie-browser.app */;
			productType = "com.apple.product-type.application";
		};
/* End PBXNativeTarget section */

/* Begin PBXProject section */
		10876C992A162E6A009666BA /* Project object */ = {
			isa = PBXProject;
			attributes = {
				BuildIndependentTargetsInParallel = 1;
				LastSwiftUpdateCheck = 1430;
				LastUpgradeCheck = 1430;
				TargetAttributes = {
					105BB55C2A1BE7A1003D9ED4 = {
						CreatedOnToolsVersion = 14.3;
						TestTargetID = 10876CA02A162E6A009666BA;
					};
					10876CA02A162E6A009666BA = {
						CreatedOnToolsVersion = 14.3;
					};
				};
			};
			buildConfigurationList = 10876C9C2A162E6A009666BA /* Build configuration list for PBXProject "movie-browser" */;
			compatibilityVersion = "Xcode 14.0";
			developmentRegion = en;
			hasScannedForEncodings = 0;
			knownRegions = (
				en,
				Base,
			);
			mainGroup = 10876C982A162E6A009666BA;
			packageReferences = (
				10DC89BD2A16305E00198117 /* XCRemoteSwiftPackageReference "SnapKit" */,
				10415D762A1D57DF00CBA4B3 /* XCRemoteSwiftPackageReference "Swinject" */,
			);
			productRefGroup = 10876CA22A162E6A009666BA /* Products */;
			projectDirPath = "";
			projectRoot = "";
			targets = (
				10876CA02A162E6A009666BA /* movie-browser */,
				105BB55C2A1BE7A1003D9ED4 /* movie-browser-tests */,
			);
		};
/* End PBXProject section */

/* Begin PBXResourcesBuildPhase section */
		105BB55B2A1BE7A1003D9ED4 /* Resources */ = {
			isa = PBXResourcesBuildPhase;
			buildActionMask = 2147483647;
			files = (
			);
			runOnlyForDeploymentPostprocessing = 0;
		};
		10876C9F2A162E6A009666BA /* Resources */ = {
			isa = PBXResourcesBuildPhase;
			buildActionMask = 2147483647;
			files = (
				108C19BF2A18E75900B910D5 /* Colors.xcassets in Resources */,
				10876CB12A162E6A009666BA /* LaunchScreen.storyboard in Resources */,
				105BB56B2A1C04B6003D9ED4 /* README.md in Resources */,
				10876CAE2A162E6A009666BA /* Assets.xcassets in Resources */,
			);
			runOnlyForDeploymentPostprocessing = 0;
		};
/* End PBXResourcesBuildPhase section */

/* Begin PBXSourcesBuildPhase section */
		105BB5592A1BE7A1003D9ED4 /* Sources */ = {
			isa = PBXSourcesBuildPhase;
			buildActionMask = 2147483647;
			files = (
				105BB5602A1BE7A1003D9ED4 /* movie_browser_tests.swift in Sources */,
			);
			runOnlyForDeploymentPostprocessing = 0;
		};
		10876C9D2A162E6A009666BA /* Sources */ = {
			isa = PBXSourcesBuildPhase;
			buildActionMask = 2147483647;
			files = (
				105F0D352A177EC40048218E /* MovieModel.swift in Sources */,
				108C19C12A18EB8600B910D5 /* ColorHelper.swift in Sources */,
				1046DE502A18B9D9001732E6 /* MovieListCell.swift in Sources */,
				105F0D3C2A1787760048218E /* NetworkService.swift in Sources */,
				105F0D3A2A177F130048218E /* Log.swift in Sources */,
				105F0D492A17D2400048218E /* MovieListViewController.swift in Sources */,
				105F0D372A177ED70048218E /* NowPlayingMoviesModel.swift in Sources */,
				105BB5672A1BEA05003D9ED4 /* MovieListPresenter.swift in Sources */,
				105F0D402A17A55A0048218E /* ImageNetworkService.swift in Sources */,
				105F0D3E2A17A25B0048218E /* MovieNetworkService.swift in Sources */,
				105F0D432A17BE5B0048218E /* FavoriteMoviesRepository.swift in Sources */,
				10876CA52A162E6A009666BA /* AppDelegate.swift in Sources */,
				1046DE532A18BC1E001732E6 /* MovieDetailsViewController.swift in Sources */,
				105BB5692A1BFE41003D9ED4 /* MovieDetailsPresenter.swift in Sources */,
				105F0D322A177E840048218E /* Endpoint.swift in Sources */,
				105F0D452A17C81A0048218E /* UserDefaultsKey.swift in Sources */,
				10876CA72A162E6A009666BA /* SceneDelegate.swift in Sources */,
			);
			runOnlyForDeploymentPostprocessing = 0;
		};
/* End PBXSourcesBuildPhase section */

/* Begin PBXTargetDependency section */
		105BB5622A1BE7A1003D9ED4 /* PBXTargetDependency */ = {
			isa = PBXTargetDependency;
			target = 10876CA02A162E6A009666BA /* movie-browser */;
			targetProxy = 105BB5612A1BE7A1003D9ED4 /* PBXContainerItemProxy */;
		};
/* End PBXTargetDependency section */

/* Begin PBXVariantGroup section */
		10876CAF2A162E6A009666BA /* LaunchScreen.storyboard */ = {
			isa = PBXVariantGroup;
			children = (
				10876CB02A162E6A009666BA /* Base */,
			);
			name = LaunchScreen.storyboard;
			sourceTree = "<group>";
		};
/* End PBXVariantGroup section */

/* Begin XCBuildConfiguration section */
		105BB5632A1BE7A1003D9ED4 /* Debug */ = {
			isa = XCBuildConfiguration;
			buildSettings = {
				BUNDLE_LOADER = "$(TEST_HOST)";
				CODE_SIGN_STYLE = Automatic;
				CURRENT_PROJECT_VERSION = 1;
				GENERATE_INFOPLIST_FILE = YES;
				IPHONEOS_DEPLOYMENT_TARGET = 16.4;
				MARKETING_VERSION = 1.0;
				PRODUCT_BUNDLE_IDENTIFIER = "qdzia.movie-browser-tests";
				PRODUCT_NAME = "$(TARGET_NAME)";
				SWIFT_EMIT_LOC_STRINGS = NO;
				SWIFT_VERSION = 5.0;
				TARGETED_DEVICE_FAMILY = "1,2";
				TEST_HOST = "$(BUILT_PRODUCTS_DIR)/movie-browser.app/$(BUNDLE_EXECUTABLE_FOLDER_PATH)/movie-browser";
			};
			name = Debug;
		};
		105BB5642A1BE7A1003D9ED4 /* Release */ = {
			isa = XCBuildConfiguration;
			buildSettings = {
				BUNDLE_LOADER = "$(TEST_HOST)";
				CODE_SIGN_STYLE = Automatic;
				CURRENT_PROJECT_VERSION = 1;
				GENERATE_INFOPLIST_FILE = YES;
				IPHONEOS_DEPLOYMENT_TARGET = 16.4;
				MARKETING_VERSION = 1.0;
				PRODUCT_BUNDLE_IDENTIFIER = "qdzia.movie-browser-tests";
				PRODUCT_NAME = "$(TARGET_NAME)";
				SWIFT_EMIT_LOC_STRINGS = NO;
				SWIFT_VERSION = 5.0;
				TARGETED_DEVICE_FAMILY = "1,2";
				TEST_HOST = "$(BUILT_PRODUCTS_DIR)/movie-browser.app/$(BUNDLE_EXECUTABLE_FOLDER_PATH)/movie-browser";
			};
			name = Release;
		};
		10876CB32A162E6A009666BA /* Debug */ = {
			isa = XCBuildConfiguration;
			baseConfigurationReference = 104EC49E2A1649B700C0C04D /* Secrets.xcconfig */;
			buildSettings = {
				ALWAYS_SEARCH_USER_PATHS = NO;
				CLANG_ANALYZER_NONNULL = YES;
				CLANG_ANALYZER_NUMBER_OBJECT_CONVERSION = YES_AGGRESSIVE;
				CLANG_CXX_LANGUAGE_STANDARD = "gnu++20";
				CLANG_ENABLE_MODULES = YES;
				CLANG_ENABLE_OBJC_ARC = YES;
				CLANG_ENABLE_OBJC_WEAK = YES;
				CLANG_WARN_BLOCK_CAPTURE_AUTORELEASING = YES;
				CLANG_WARN_BOOL_CONVERSION = YES;
				CLANG_WARN_COMMA = YES;
				CLANG_WARN_CONSTANT_CONVERSION = YES;
				CLANG_WARN_DEPRECATED_OBJC_IMPLEMENTATIONS = YES;
				CLANG_WARN_DIRECT_OBJC_ISA_USAGE = YES_ERROR;
				CLANG_WARN_DOCUMENTATION_COMMENTS = YES;
				CLANG_WARN_EMPTY_BODY = YES;
				CLANG_WARN_ENUM_CONVERSION = YES;
				CLANG_WARN_INFINITE_RECURSION = YES;
				CLANG_WARN_INT_CONVERSION = YES;
				CLANG_WARN_NON_LITERAL_NULL_CONVERSION = YES;
				CLANG_WARN_OBJC_IMPLICIT_RETAIN_SELF = YES;
				CLANG_WARN_OBJC_LITERAL_CONVERSION = YES;
				CLANG_WARN_OBJC_ROOT_CLASS = YES_ERROR;
				CLANG_WARN_QUOTED_INCLUDE_IN_FRAMEWORK_HEADER = YES;
				CLANG_WARN_RANGE_LOOP_ANALYSIS = YES;
				CLANG_WARN_STRICT_PROTOTYPES = YES;
				CLANG_WARN_SUSPICIOUS_MOVE = YES;
				CLANG_WARN_UNGUARDED_AVAILABILITY = YES_AGGRESSIVE;
				CLANG_WARN_UNREACHABLE_CODE = YES;
				CLANG_WARN__DUPLICATE_METHOD_MATCH = YES;
				COPY_PHASE_STRIP = NO;
				DEBUG_INFORMATION_FORMAT = dwarf;
				ENABLE_STRICT_OBJC_MSGSEND = YES;
				ENABLE_TESTABILITY = YES;
				GCC_C_LANGUAGE_STANDARD = gnu11;
				GCC_DYNAMIC_NO_PIC = NO;
				GCC_NO_COMMON_BLOCKS = YES;
				GCC_OPTIMIZATION_LEVEL = 0;
				GCC_PREPROCESSOR_DEFINITIONS = (
					"DEBUG=1",
					"$(inherited)",
				);
				GCC_WARN_64_TO_32_BIT_CONVERSION = YES;
				GCC_WARN_ABOUT_RETURN_TYPE = YES_ERROR;
				GCC_WARN_UNDECLARED_SELECTOR = YES;
				GCC_WARN_UNINITIALIZED_AUTOS = YES_AGGRESSIVE;
				GCC_WARN_UNUSED_FUNCTION = YES;
				GCC_WARN_UNUSED_VARIABLE = YES;
				IPHONEOS_DEPLOYMENT_TARGET = 13.0;
				MTL_ENABLE_DEBUG_INFO = INCLUDE_SOURCE;
				MTL_FAST_MATH = YES;
				ONLY_ACTIVE_ARCH = YES;
				SDKROOT = iphoneos;
				SWIFT_ACTIVE_COMPILATION_CONDITIONS = DEBUG;
				SWIFT_OPTIMIZATION_LEVEL = "-Onone";
			};
			name = Debug;
		};
		10876CB42A162E6A009666BA /* Release */ = {
			isa = XCBuildConfiguration;
			baseConfigurationReference = 104EC49E2A1649B700C0C04D /* Secrets.xcconfig */;
			buildSettings = {
				ALWAYS_SEARCH_USER_PATHS = NO;
				CLANG_ANALYZER_NONNULL = YES;
				CLANG_ANALYZER_NUMBER_OBJECT_CONVERSION = YES_AGGRESSIVE;
				CLANG_CXX_LANGUAGE_STANDARD = "gnu++20";
				CLANG_ENABLE_MODULES = YES;
				CLANG_ENABLE_OBJC_ARC = YES;
				CLANG_ENABLE_OBJC_WEAK = YES;
				CLANG_WARN_BLOCK_CAPTURE_AUTORELEASING = YES;
				CLANG_WARN_BOOL_CONVERSION = YES;
				CLANG_WARN_COMMA = YES;
				CLANG_WARN_CONSTANT_CONVERSION = YES;
				CLANG_WARN_DEPRECATED_OBJC_IMPLEMENTATIONS = YES;
				CLANG_WARN_DIRECT_OBJC_ISA_USAGE = YES_ERROR;
				CLANG_WARN_DOCUMENTATION_COMMENTS = YES;
				CLANG_WARN_EMPTY_BODY = YES;
				CLANG_WARN_ENUM_CONVERSION = YES;
				CLANG_WARN_INFINITE_RECURSION = YES;
				CLANG_WARN_INT_CONVERSION = YES;
				CLANG_WARN_NON_LITERAL_NULL_CONVERSION = YES;
				CLANG_WARN_OBJC_IMPLICIT_RETAIN_SELF = YES;
				CLANG_WARN_OBJC_LITERAL_CONVERSION = YES;
				CLANG_WARN_OBJC_ROOT_CLASS = YES_ERROR;
				CLANG_WARN_QUOTED_INCLUDE_IN_FRAMEWORK_HEADER = YES;
				CLANG_WARN_RANGE_LOOP_ANALYSIS = YES;
				CLANG_WARN_STRICT_PROTOTYPES = YES;
				CLANG_WARN_SUSPICIOUS_MOVE = YES;
				CLANG_WARN_UNGUARDED_AVAILABILITY = YES_AGGRESSIVE;
				CLANG_WARN_UNREACHABLE_CODE = YES;
				CLANG_WARN__DUPLICATE_METHOD_MATCH = YES;
				COPY_PHASE_STRIP = NO;
				DEBUG_INFORMATION_FORMAT = "dwarf-with-dsym";
				ENABLE_NS_ASSERTIONS = NO;
				ENABLE_STRICT_OBJC_MSGSEND = YES;
				GCC_C_LANGUAGE_STANDARD = gnu11;
				GCC_NO_COMMON_BLOCKS = YES;
				GCC_WARN_64_TO_32_BIT_CONVERSION = YES;
				GCC_WARN_ABOUT_RETURN_TYPE = YES_ERROR;
				GCC_WARN_UNDECLARED_SELECTOR = YES;
				GCC_WARN_UNINITIALIZED_AUTOS = YES_AGGRESSIVE;
				GCC_WARN_UNUSED_FUNCTION = YES;
				GCC_WARN_UNUSED_VARIABLE = YES;
				IPHONEOS_DEPLOYMENT_TARGET = 13.0;
				MTL_ENABLE_DEBUG_INFO = NO;
				MTL_FAST_MATH = YES;
				SDKROOT = iphoneos;
				SWIFT_COMPILATION_MODE = wholemodule;
				SWIFT_OPTIMIZATION_LEVEL = "-O";
				VALIDATE_PRODUCT = YES;
			};
			name = Release;
		};
		10876CB62A162E6A009666BA /* Debug */ = {
			isa = XCBuildConfiguration;
			baseConfigurationReference = 104EC49E2A1649B700C0C04D /* Secrets.xcconfig */;
			buildSettings = {
				ASSETCATALOG_COMPILER_APPICON_NAME = AppIcon;
				ASSETCATALOG_COMPILER_GLOBAL_ACCENT_COLOR_NAME = AccentColor;
				CODE_SIGN_STYLE = Automatic;
				CURRENT_PROJECT_VERSION = 1;
				GENERATE_INFOPLIST_FILE = YES;
				INFOPLIST_FILE = "movie-browser/Info.plist";
				INFOPLIST_KEY_UIApplicationSupportsIndirectInputEvents = YES;
				INFOPLIST_KEY_UILaunchStoryboardName = LaunchScreen;
				INFOPLIST_KEY_UIMainStoryboardFile = "";
				INFOPLIST_KEY_UIStatusBarStyle = "";
				INFOPLIST_KEY_UISupportedInterfaceOrientations_iPad = "UIInterfaceOrientationPortrait UIInterfaceOrientationPortraitUpsideDown UIInterfaceOrientationLandscapeLeft UIInterfaceOrientationLandscapeRight";
				INFOPLIST_KEY_UISupportedInterfaceOrientations_iPhone = "UIInterfaceOrientationPortrait UIInterfaceOrientationLandscapeLeft UIInterfaceOrientationLandscapeRight";
				IPHONEOS_DEPLOYMENT_TARGET = 13.0;
				LD_RUNPATH_SEARCH_PATHS = (
					"$(inherited)",
					"@executable_path/Frameworks",
				);
				MARKETING_VERSION = 1.0;
				PRODUCT_BUNDLE_IDENTIFIER = "qdzia.movie-browser";
				PRODUCT_NAME = "$(TARGET_NAME)";
				SUPPORTED_PLATFORMS = "iphoneos iphonesimulator";
				SUPPORTS_MACCATALYST = NO;
				SUPPORTS_MAC_DESIGNED_FOR_IPHONE_IPAD = NO;
				SWIFT_EMIT_LOC_STRINGS = YES;
				SWIFT_VERSION = 5.0;
				TARGETED_DEVICE_FAMILY = 1;
			};
			name = Debug;
		};
		10876CB72A162E6A009666BA /* Release */ = {
			isa = XCBuildConfiguration;
			baseConfigurationReference = 104EC49E2A1649B700C0C04D /* Secrets.xcconfig */;
			buildSettings = {
				ASSETCATALOG_COMPILER_APPICON_NAME = AppIcon;
				ASSETCATALOG_COMPILER_GLOBAL_ACCENT_COLOR_NAME = AccentColor;
				CODE_SIGN_STYLE = Automatic;
				CURRENT_PROJECT_VERSION = 1;
				GENERATE_INFOPLIST_FILE = YES;
				INFOPLIST_FILE = "movie-browser/Info.plist";
				INFOPLIST_KEY_UIApplicationSupportsIndirectInputEvents = YES;
				INFOPLIST_KEY_UILaunchStoryboardName = LaunchScreen;
				INFOPLIST_KEY_UIMainStoryboardFile = "";
				INFOPLIST_KEY_UIStatusBarStyle = "";
				INFOPLIST_KEY_UISupportedInterfaceOrientations_iPad = "UIInterfaceOrientationPortrait UIInterfaceOrientationPortraitUpsideDown UIInterfaceOrientationLandscapeLeft UIInterfaceOrientationLandscapeRight";
				INFOPLIST_KEY_UISupportedInterfaceOrientations_iPhone = "UIInterfaceOrientationPortrait UIInterfaceOrientationLandscapeLeft UIInterfaceOrientationLandscapeRight";
				IPHONEOS_DEPLOYMENT_TARGET = 13.0;
				LD_RUNPATH_SEARCH_PATHS = (
					"$(inherited)",
					"@executable_path/Frameworks",
				);
				MARKETING_VERSION = 1.0;
				PRODUCT_BUNDLE_IDENTIFIER = "qdzia.movie-browser";
				PRODUCT_NAME = "$(TARGET_NAME)";
				SUPPORTED_PLATFORMS = "iphoneos iphonesimulator";
				SUPPORTS_MACCATALYST = NO;
				SUPPORTS_MAC_DESIGNED_FOR_IPHONE_IPAD = NO;
				SWIFT_EMIT_LOC_STRINGS = YES;
				SWIFT_VERSION = 5.0;
				TARGETED_DEVICE_FAMILY = 1;
			};
			name = Release;
		};
/* End XCBuildConfiguration section */

/* Begin XCConfigurationList section */
		105BB5652A1BE7A1003D9ED4 /* Build configuration list for PBXNativeTarget "movie-browser-tests" */ = {
			isa = XCConfigurationList;
			buildConfigurations = (
				105BB5632A1BE7A1003D9ED4 /* Debug */,
				105BB5642A1BE7A1003D9ED4 /* Release */,
			);
			defaultConfigurationIsVisible = 0;
			defaultConfigurationName = Release;
		};
		10876C9C2A162E6A009666BA /* Build configuration list for PBXProject "movie-browser" */ = {
			isa = XCConfigurationList;
			buildConfigurations = (
				10876CB32A162E6A009666BA /* Debug */,
				10876CB42A162E6A009666BA /* Release */,
			);
			defaultConfigurationIsVisible = 0;
			defaultConfigurationName = Release;
		};
		10876CB52A162E6A009666BA /* Build configuration list for PBXNativeTarget "movie-browser" */ = {
			isa = XCConfigurationList;
			buildConfigurations = (
				10876CB62A162E6A009666BA /* Debug */,
				10876CB72A162E6A009666BA /* Release */,
			);
			defaultConfigurationIsVisible = 0;
			defaultConfigurationName = Release;
		};
/* End XCConfigurationList section */

/* Begin XCRemoteSwiftPackageReference section */
		10415D762A1D57DF00CBA4B3 /* XCRemoteSwiftPackageReference "Swinject" */ = {
			isa = XCRemoteSwiftPackageReference;
			repositoryURL = "https://github.com/Swinject/Swinject.git";
			requirement = {
				kind = upToNextMajorVersion;
				minimumVersion = 2.0.0;
			};
		};
		10DC89BD2A16305E00198117 /* XCRemoteSwiftPackageReference "SnapKit" */ = {
			isa = XCRemoteSwiftPackageReference;
			repositoryURL = "https://github.com/SnapKit/SnapKit.git";
			requirement = {
				kind = upToNextMajorVersion;
				minimumVersion = 5.0.0;
			};
		};
/* End XCRemoteSwiftPackageReference section */

/* Begin XCSwiftPackageProductDependency section */
		10415D772A1D57DF00CBA4B3 /* Swinject */ = {
			isa = XCSwiftPackageProductDependency;
			package = 10415D762A1D57DF00CBA4B3 /* XCRemoteSwiftPackageReference "Swinject" */;
			productName = Swinject;
		};
		10DC89BE2A16305E00198117 /* SnapKit */ = {
			isa = XCSwiftPackageProductDependency;
			package = 10DC89BD2A16305E00198117 /* XCRemoteSwiftPackageReference "SnapKit" */;
			productName = SnapKit;
		};
/* End XCSwiftPackageProductDependency section */
	};
	rootObject = 10876C992A162E6A009666BA /* Project object */;
}
